
Microsoft Visual Studio Solution File, Format Version 12.00
Project("{FAE04EC0-301F-11D3-BF4B-00C04F79EFBC}") = "Akka.Persistence.Sql.Linq2Db", "Akka.Persistence.Sql.Linq2Db\Akka.Persistence.Sql.Linq2Db.csproj", "{BA9870A6-4ECE-411F-A02B-636F3F1DEA95}"
EndProject
Project("{FAE04EC0-301F-11D3-BF4B-00C04F79EFBC}") = "Akka.Persistence.Sql.Linq2Db.Tests", "Akka.Persistence.Sql.Linq2Db.Tests\Akka.Persistence.Sql.Linq2Db.Tests.csproj", "{6971694E-618D-435D-AF34-9276B02926F5}"
EndProject
Project("{2150E333-8FDC-42A3-9474-1A3956D46DE8}") = "_", "_", "{84157306-59B5-4CEC-BAE3-74B9A56DDA30}"
ProjectSection(SolutionItems) = preProject
	..\Readme.MD = ..\Readme.MD
	..\Directory.Build.Props = ..\Directory.Build.Props
EndProjectSection
EndProject
Project("{FAE04EC0-301F-11D3-BF4B-00C04F79EFBC}") = "Akka.Persistence.Sql.Linq2Db.Snapshot", "Akka.Persistence.Sql.Linq2Db.Snapshot\Akka.Persistence.Sql.Linq2Db.Snapshot.csproj", "{051FB6E9-D785-4B5E-B308-377588043788}"
EndProject
Project("{FAE04EC0-301F-11D3-BF4B-00C04F79EFBC}") = "Akka.Persistence.Sql.Linq2Db.Journal", "Akka.Persistence.Sql.Linq2Db.Journal\Akka.Persistence.Sql.Linq2Db.Journal.csproj", "{C127EBFD-F673-4AA9-8D0B-CA71EB8870AA}"
EndProject
Project("{FAE04EC0-301F-11D3-BF4B-00C04F79EFBC}") = "Akka.Persistence.Linq2Db.BenchmarkTests", "Akka.Persistence.Linq2Db.BenchmarkTests\Akka.Persistence.Linq2Db.BenchmarkTests.csproj", "{9B4586EC-5B98-407F-AAC6-E28393F59D84}"
EndProject
Project("{FAE04EC0-301F-11D3-BF4B-00C04F79EFBC}") = "Akka.Persistence.Linq2Db.CompatibilityTests", "Akka.Persistence.Linq2Db.CompatibilityTests\Akka.Persistence.Linq2Db.CompatibilityTests.csproj", "{1AF05A0B-B285-478F-809B-3441F3B0386D}"
EndProject
Project("{FAE04EC0-301F-11D3-BF4B-00C04F79EFBC}") = "Akka.Persistence.Sql.Linq2Db.Journal.Query", "Akka.Persistence.Sql.Linq2Db.Journal.Query\Akka.Persistence.Sql.Linq2Db.Journal.Query.csproj", "{2CAD2595-5C82-41FB-BD95-65B0A2162258}"
EndProject
Project("{FAE04EC0-301F-11D3-BF4B-00C04F79EFBC}") = "Akka.Persistence.Linq2Db.Journal.Query.Tests", "Akka.Persistence.Linq2Db.Journal.Query.Tests\Akka.Persistence.Linq2Db.Journal.Query.Tests.csproj", "{3D3F8A19-8299-441F-BA5E-C7369A3B68F7}"
EndProject
Global
	GlobalSection(SolutionConfigurationPlatforms) = preSolution
		Debug|Any CPU = Debug|Any CPU
		Release|Any CPU = Release|Any CPU
	EndGlobalSection
	GlobalSection(ProjectConfigurationPlatforms) = postSolution
		{BA9870A6-4ECE-411F-A02B-636F3F1DEA95}.Debug|Any CPU.ActiveCfg = Debug|Any CPU
		{BA9870A6-4ECE-411F-A02B-636F3F1DEA95}.Debug|Any CPU.Build.0 = Debug|Any CPU
		{BA9870A6-4ECE-411F-A02B-636F3F1DEA95}.Release|Any CPU.ActiveCfg = Release|Any CPU
		{BA9870A6-4ECE-411F-A02B-636F3F1DEA95}.Release|Any CPU.Build.0 = Release|Any CPU
		{6971694E-618D-435D-AF34-9276B02926F5}.Debug|Any CPU.ActiveCfg = Debug|Any CPU
		{6971694E-618D-435D-AF34-9276B02926F5}.Debug|Any CPU.Build.0 = Debug|Any CPU
		{6971694E-618D-435D-AF34-9276B02926F5}.Release|Any CPU.ActiveCfg = Release|Any CPU
		{6971694E-618D-435D-AF34-9276B02926F5}.Release|Any CPU.Build.0 = Release|Any CPU
		{051FB6E9-D785-4B5E-B308-377588043788}.Debug|Any CPU.ActiveCfg = Debug|Any CPU
		{051FB6E9-D785-4B5E-B308-377588043788}.Debug|Any CPU.Build.0 = Debug|Any CPU
		{051FB6E9-D785-4B5E-B308-377588043788}.Release|Any CPU.ActiveCfg = Release|Any CPU
		{051FB6E9-D785-4B5E-B308-377588043788}.Release|Any CPU.Build.0 = Release|Any CPU
		{C127EBFD-F673-4AA9-8D0B-CA71EB8870AA}.Debug|Any CPU.ActiveCfg = Debug|Any CPU
		{C127EBFD-F673-4AA9-8D0B-CA71EB8870AA}.Debug|Any CPU.Build.0 = Debug|Any CPU
		{C127EBFD-F673-4AA9-8D0B-CA71EB8870AA}.Release|Any CPU.ActiveCfg = Release|Any CPU
		{C127EBFD-F673-4AA9-8D0B-CA71EB8870AA}.Release|Any CPU.Build.0 = Release|Any CPU
		{9B4586EC-5B98-407F-AAC6-E28393F59D84}.Debug|Any CPU.ActiveCfg = Debug|Any CPU
		{9B4586EC-5B98-407F-AAC6-E28393F59D84}.Debug|Any CPU.Build.0 = Debug|Any CPU
		{9B4586EC-5B98-407F-AAC6-E28393F59D84}.Release|Any CPU.ActiveCfg = Release|Any CPU
		{9B4586EC-5B98-407F-AAC6-E28393F59D84}.Release|Any CPU.Build.0 = Release|Any CPU
		{1AF05A0B-B285-478F-809B-3441F3B0386D}.Debug|Any CPU.ActiveCfg = Debug|Any CPU
		{1AF05A0B-B285-478F-809B-3441F3B0386D}.Debug|Any CPU.Build.0 = Debug|Any CPU
		{1AF05A0B-B285-478F-809B-3441F3B0386D}.Release|Any CPU.ActiveCfg = Release|Any CPU
		{1AF05A0B-B285-478F-809B-3441F3B0386D}.Release|Any CPU.Build.0 = Release|Any CPU
		{2CAD2595-5C82-41FB-BD95-65B0A2162258}.Debug|Any CPU.ActiveCfg = Debug|Any CPU
		{2CAD2595-5C82-41FB-BD95-65B0A2162258}.Debug|Any CPU.Build.0 = Debug|Any CPU
		{2CAD2595-5C82-41FB-BD95-65B0A2162258}.Release|Any CPU.ActiveCfg = Release|Any CPU
		{2CAD2595-5C82-41FB-BD95-65B0A2162258}.Release|Any CPU.Build.0 = Release|Any CPU
		{3D3F8A19-8299-441F-BA5E-C7369A3B68F7}.Debug|Any CPU.ActiveCfg = Debug|Any CPU
		{3D3F8A19-8299-441F-BA5E-C7369A3B68F7}.Debug|Any CPU.Build.0 = Debug|Any CPU
		{3D3F8A19-8299-441F-BA5E-C7369A3B68F7}.Release|Any CPU.ActiveCfg = Release|Any CPU
		{3D3F8A19-8299-441F-BA5E-C7369A3B68F7}.Release|Any CPU.Build.0 = Release|Any CPU
	EndGlobalSection
EndGlobal
